
Microsoft Visual Studio Solution File, Format Version 12.00
Project("{2150E333-8FDC-42A3-9474-1A3956D46DE8}") = "tutorials", "tutorials", "{A262DAAB-DDFD-45B8-B1A4-7700BB710F80}"
EndProject
Project("{2150E333-8FDC-42A3-9474-1A3956D46DE8}") = "securing.msa.aspnet.core", "securing.msa.aspnet.core", "{1847EFFA-CF98-48F7-AD06-08EAF2C32395}"
EndProject
Project("{2150E333-8FDC-42A3-9474-1A3956D46DE8}") = "FrontEnd", "FrontEnd", "{968C8D87-39FB-4DF6-8E7D-47111F0A7C8C}"
EndProject
Project("{FAE04EC0-301F-11D3-BF4B-00C04F79EFBC}") = "MireroTicket.Web", "securing.msa.aspnet.core\MireroTicket.Web\MireroTicket.Web.csproj", "{C824C36F-C556-4201-BC65-65A393507DB8}"
EndProject
Project("{2150E333-8FDC-42A3-9474-1A3956D46DE8}") = "BackEnd", "BackEnd", "{4082C677-6206-455D-A948-7AD32B78068F}"
EndProject
Project("{FAE04EC0-301F-11D3-BF4B-00C04F79EFBC}") = "MireroTicket.Services.EventCatalog", "securing.msa.aspnet.core\MireroTicket.Services.EventCatalog\MireroTicket.Services.EventCatalog.csproj", "{497AF274-C42B-4AA9-BFA3-E4928E2AB05E}"
EndProject
Project("{FAE04EC0-301F-11D3-BF4B-00C04F79EFBC}") = "MireroTicket.Services.Common", "securing.msa.aspnet.core\MireroTicket.Services.Common\MireroTicket.Services.Common.csproj", "{C53763ED-F4ED-45D1-9ED9-4570B6064E68}"
EndProject
Project("{FAE04EC0-301F-11D3-BF4B-00C04F79EFBC}") = "MireroTicket.Services.Discount", "securing.msa.aspnet.core\MireroTicket.Services.Discount\MireroTicket.Services.Discount.csproj", "{4F577143-F54C-496A-93A9-FC8A9BD90CD3}"
EndProject
Project("{FAE04EC0-301F-11D3-BF4B-00C04F79EFBC}") = "MireroTicket.Services.Ordering", "securing.msa.aspnet.core\MireroTicket.Services.Ordering\MireroTicket.Services.Ordering.csproj", "{0E645062-AAA5-4B4F-ABF7-56242F6EB707}"
EndProject
Project("{FAE04EC0-301F-11D3-BF4B-00C04F79EFBC}") = "MireroTicket.ServiceBus", "securing.msa.aspnet.core\MireroTicket.ServiceBus\MireroTicket.ServiceBus.csproj", "{69C137F9-36F8-4087-8D9B-1249FB6C05BF}"
EndProject
Project("{FAE04EC0-301F-11D3-BF4B-00C04F79EFBC}") = "MireroTicket.Messages", "securing.msa.aspnet.core\MireroTicket.Messages\MireroTicket.Messages.csproj", "{C5086901-1A4F-4D39-80E6-0112C1CECC03}"
EndProject
Project("{2150E333-8FDC-42A3-9474-1A3956D46DE8}") = "Integration", "Integration", "{47CCFE03-38B8-444B-9724-098CF9504571}"
EndProject
Project("{2150E333-8FDC-42A3-9474-1A3956D46DE8}") = "Tests", "Tests", "{A971A851-8EF9-4EDE-9B5E-514912BA64E3}"
EndProject
Project("{FAE04EC0-301F-11D3-BF4B-00C04F79EFBC}") = "MireroTicket.ServiceBus.TestClient", "securing.msa.aspnet.core\MireroTicket.ServiceBus.TestClient\MireroTicket.ServiceBus.TestClient.csproj", "{EEB88EF0-6D19-439A-8B85-CA449232D5F3}"
EndProject
Project("{FAE04EC0-301F-11D3-BF4B-00C04F79EFBC}") = "MireroTicket.ServiceBus.TestMessages", "securing.msa.aspnet.core\MireroTicket.ServiceBus.TestMessages\MireroTicket.ServiceBus.TestMessages.csproj", "{B00B0B7B-6810-478E-AFF0-23D7D5D19CA0}"
EndProject
Project("{FAE04EC0-301F-11D3-BF4B-00C04F79EFBC}") = "MireroTicket.ServiceBus.TestWorker", "securing.msa.aspnet.core\MireroTicket.ServiceBus.TestWorker\MireroTicket.ServiceBus.TestWorker.csproj", "{24C212FE-DEAB-400F-8B5A-CFD96AB30D16}"
EndProject
Project("{FAE04EC0-301F-11D3-BF4B-00C04F79EFBC}") = "MireroTicket.Services.ShoppingBasket", "securing.msa.aspnet.core\MireroTicket.Services.ShoppingBasket\MireroTicket.Services.ShoppingBasket.csproj", "{CFC47721-8634-4E5C-85A4-96171EB3D8BB}"
EndProject
Project("{FAE04EC0-301F-11D3-BF4B-00C04F79EFBC}") = "MediatR", "securing.msa.aspnet.core\MediatR\src\MediatR\MediatR.csproj", "{1877A14A-B007-4CD8-A070-E16C6B56139A}"
EndProject
Project("{FAE04EC0-301F-11D3-BF4B-00C04F79EFBC}") = "MediatR.Extensions.Microsoft.DependencyInjection", "securing.msa.aspnet.core\MediatR.Extensions.Microsoft.DependencyInjection\src\MediatR.Extensions.Microsoft.DependencyInjection\MediatR.Extensions.Microsoft.DependencyInjection.csproj", "{6A883296-7872-4F48-91DD-24A04E7F7F06}"
EndProject
Project("{FAE04EC0-301F-11D3-BF4B-00C04F79EFBC}") = "MireroTicket.Services.Identity", "securing.msa.aspnet.core\MireroTicket.Services.Identity\MireroTicket.Services.Identity.csproj", "{4BC136F1-3BE0-4F60-8612-173734EAB901}"
EndProject
Project("{FAE04EC0-301F-11D3-BF4B-00C04F79EFBC}") = "RabbitMQ.Queue.Consumer", "tutorials\RabbitMQ.Queue.Consumer\RabbitMQ.Queue.Consumer.csproj", "{9BBCBC51-6A15-4510-BE58-6A45F39824A6}"
EndProject
Project("{FAE04EC0-301F-11D3-BF4B-00C04F79EFBC}") = "RabbitMQ.Queue.Messages", "tutorials\RabbitMQ.Queue.Messages\RabbitMQ.Queue.Messages.csproj", "{962328BE-0E94-4C13-A67A-C5DA2DE37AC4}"
EndProject
Project("{FAE04EC0-301F-11D3-BF4B-00C04F79EFBC}") = "RabbitMQ.Queue.Producer", "tutorials\RabbitMQ.Queue.Producer\RabbitMQ.Queue.Producer.csproj", "{0E499532-094D-4225-AE3B-A1ACF270382C}"
EndProject
Project("{FAE04EC0-301F-11D3-BF4B-00C04F79EFBC}") = "EFCore.ShowBiz", "tutorials\EFCore.ShowBiz\EFCore.ShowBiz.csproj", "{0FACC77B-416F-4C76-BC2B-BEBA382E0E65}"
EndProject
Project("{FAE04EC0-301F-11D3-BF4B-00C04F79EFBC}") = "MireroTicket.Utilities", "securing.msa.aspnet.core\MireroTicket.Utilities\MireroTicket.Utilities.csproj", "{19C56DAC-733C-4104-BE31-8904CF1079E4}"
EndProject
Project("{FAE04EC0-301F-11D3-BF4B-00C04F79EFBC}") = "MireroTicket.Utilities.Test", "securing.msa.aspnet.core\MireroTicket.Utilities.Test\MireroTicket.Utilities.Test.csproj", "{0C24A829-3E87-41D6-B2EC-697A7AEE2E9F}"
EndProject
Global
	GlobalSection(SolutionConfigurationPlatforms) = preSolution
		Debug|Any CPU = Debug|Any CPU
		Release|Any CPU = Release|Any CPU
	EndGlobalSection
	GlobalSection(ProjectConfigurationPlatforms) = postSolution
		{C824C36F-C556-4201-BC65-65A393507DB8}.Debug|Any CPU.ActiveCfg = Debug|Any CPU
		{C824C36F-C556-4201-BC65-65A393507DB8}.Debug|Any CPU.Build.0 = Debug|Any CPU
		{C824C36F-C556-4201-BC65-65A393507DB8}.Release|Any CPU.ActiveCfg = Release|Any CPU
		{C824C36F-C556-4201-BC65-65A393507DB8}.Release|Any CPU.Build.0 = Release|Any CPU
		{497AF274-C42B-4AA9-BFA3-E4928E2AB05E}.Debug|Any CPU.ActiveCfg = Debug|Any CPU
		{497AF274-C42B-4AA9-BFA3-E4928E2AB05E}.Debug|Any CPU.Build.0 = Debug|Any CPU
		{497AF274-C42B-4AA9-BFA3-E4928E2AB05E}.Release|Any CPU.ActiveCfg = Release|Any CPU
		{497AF274-C42B-4AA9-BFA3-E4928E2AB05E}.Release|Any CPU.Build.0 = Release|Any CPU
		{C53763ED-F4ED-45D1-9ED9-4570B6064E68}.Debug|Any CPU.ActiveCfg = Debug|Any CPU
		{C53763ED-F4ED-45D1-9ED9-4570B6064E68}.Debug|Any CPU.Build.0 = Debug|Any CPU
		{C53763ED-F4ED-45D1-9ED9-4570B6064E68}.Release|Any CPU.ActiveCfg = Release|Any CPU
		{C53763ED-F4ED-45D1-9ED9-4570B6064E68}.Release|Any CPU.Build.0 = Release|Any CPU
		{4F577143-F54C-496A-93A9-FC8A9BD90CD3}.Debug|Any CPU.ActiveCfg = Debug|Any CPU
		{4F577143-F54C-496A-93A9-FC8A9BD90CD3}.Debug|Any CPU.Build.0 = Debug|Any CPU
		{4F577143-F54C-496A-93A9-FC8A9BD90CD3}.Release|Any CPU.ActiveCfg = Release|Any CPU
		{4F577143-F54C-496A-93A9-FC8A9BD90CD3}.Release|Any CPU.Build.0 = Release|Any CPU
		{0E645062-AAA5-4B4F-ABF7-56242F6EB707}.Debug|Any CPU.ActiveCfg = Debug|Any CPU
		{0E645062-AAA5-4B4F-ABF7-56242F6EB707}.Debug|Any CPU.Build.0 = Debug|Any CPU
		{0E645062-AAA5-4B4F-ABF7-56242F6EB707}.Release|Any CPU.ActiveCfg = Release|Any CPU
		{0E645062-AAA5-4B4F-ABF7-56242F6EB707}.Release|Any CPU.Build.0 = Release|Any CPU
		{69C137F9-36F8-4087-8D9B-1249FB6C05BF}.Debug|Any CPU.ActiveCfg = Debug|Any CPU
		{69C137F9-36F8-4087-8D9B-1249FB6C05BF}.Debug|Any CPU.Build.0 = Debug|Any CPU
		{69C137F9-36F8-4087-8D9B-1249FB6C05BF}.Release|Any CPU.ActiveCfg = Release|Any CPU
		{69C137F9-36F8-4087-8D9B-1249FB6C05BF}.Release|Any CPU.Build.0 = Release|Any CPU
		{C5086901-1A4F-4D39-80E6-0112C1CECC03}.Debug|Any CPU.ActiveCfg = Debug|Any CPU
		{C5086901-1A4F-4D39-80E6-0112C1CECC03}.Debug|Any CPU.Build.0 = Debug|Any CPU
		{C5086901-1A4F-4D39-80E6-0112C1CECC03}.Release|Any CPU.ActiveCfg = Release|Any CPU
		{C5086901-1A4F-4D39-80E6-0112C1CECC03}.Release|Any CPU.Build.0 = Release|Any CPU
		{EEB88EF0-6D19-439A-8B85-CA449232D5F3}.Debug|Any CPU.ActiveCfg = Debug|Any CPU
		{EEB88EF0-6D19-439A-8B85-CA449232D5F3}.Debug|Any CPU.Build.0 = Debug|Any CPU
		{EEB88EF0-6D19-439A-8B85-CA449232D5F3}.Release|Any CPU.ActiveCfg = Release|Any CPU
		{EEB88EF0-6D19-439A-8B85-CA449232D5F3}.Release|Any CPU.Build.0 = Release|Any CPU
		{B00B0B7B-6810-478E-AFF0-23D7D5D19CA0}.Debug|Any CPU.ActiveCfg = Debug|Any CPU
		{B00B0B7B-6810-478E-AFF0-23D7D5D19CA0}.Debug|Any CPU.Build.0 = Debug|Any CPU
		{B00B0B7B-6810-478E-AFF0-23D7D5D19CA0}.Release|Any CPU.ActiveCfg = Release|Any CPU
		{B00B0B7B-6810-478E-AFF0-23D7D5D19CA0}.Release|Any CPU.Build.0 = Release|Any CPU
		{24C212FE-DEAB-400F-8B5A-CFD96AB30D16}.Debug|Any CPU.ActiveCfg = Debug|Any CPU
		{24C212FE-DEAB-400F-8B5A-CFD96AB30D16}.Debug|Any CPU.Build.0 = Debug|Any CPU
		{24C212FE-DEAB-400F-8B5A-CFD96AB30D16}.Release|Any CPU.ActiveCfg = Release|Any CPU
		{24C212FE-DEAB-400F-8B5A-CFD96AB30D16}.Release|Any CPU.Build.0 = Release|Any CPU
		{CFC47721-8634-4E5C-85A4-96171EB3D8BB}.Debug|Any CPU.ActiveCfg = Debug|Any CPU
		{CFC47721-8634-4E5C-85A4-96171EB3D8BB}.Debug|Any CPU.Build.0 = Debug|Any CPU
		{CFC47721-8634-4E5C-85A4-96171EB3D8BB}.Release|Any CPU.ActiveCfg = Release|Any CPU
		{CFC47721-8634-4E5C-85A4-96171EB3D8BB}.Release|Any CPU.Build.0 = Release|Any CPU
		{1877A14A-B007-4CD8-A070-E16C6B56139A}.Debug|Any CPU.ActiveCfg = Debug|Any CPU
		{1877A14A-B007-4CD8-A070-E16C6B56139A}.Debug|Any CPU.Build.0 = Debug|Any CPU
		{1877A14A-B007-4CD8-A070-E16C6B56139A}.Release|Any CPU.ActiveCfg = Release|Any CPU
		{1877A14A-B007-4CD8-A070-E16C6B56139A}.Release|Any CPU.Build.0 = Release|Any CPU
		{6A883296-7872-4F48-91DD-24A04E7F7F06}.Debug|Any CPU.ActiveCfg = Debug|Any CPU
		{6A883296-7872-4F48-91DD-24A04E7F7F06}.Debug|Any CPU.Build.0 = Debug|Any CPU
		{6A883296-7872-4F48-91DD-24A04E7F7F06}.Release|Any CPU.ActiveCfg = Release|Any CPU
		{6A883296-7872-4F48-91DD-24A04E7F7F06}.Release|Any CPU.Build.0 = Release|Any CPU
		{4BC136F1-3BE0-4F60-8612-173734EAB901}.Debug|Any CPU.ActiveCfg = Debug|Any CPU
		{4BC136F1-3BE0-4F60-8612-173734EAB901}.Debug|Any CPU.Build.0 = Debug|Any CPU
		{4BC136F1-3BE0-4F60-8612-173734EAB901}.Release|Any CPU.ActiveCfg = Release|Any CPU
		{4BC136F1-3BE0-4F60-8612-173734EAB901}.Release|Any CPU.Build.0 = Release|Any CPU
		{9BBCBC51-6A15-4510-BE58-6A45F39824A6}.Debug|Any CPU.ActiveCfg = Debug|Any CPU
		{9BBCBC51-6A15-4510-BE58-6A45F39824A6}.Debug|Any CPU.Build.0 = Debug|Any CPU
		{9BBCBC51-6A15-4510-BE58-6A45F39824A6}.Release|Any CPU.ActiveCfg = Release|Any CPU
		{9BBCBC51-6A15-4510-BE58-6A45F39824A6}.Release|Any CPU.Build.0 = Release|Any CPU
		{962328BE-0E94-4C13-A67A-C5DA2DE37AC4}.Debug|Any CPU.ActiveCfg = Debug|Any CPU
		{962328BE-0E94-4C13-A67A-C5DA2DE37AC4}.Debug|Any CPU.Build.0 = Debug|Any CPU
		{962328BE-0E94-4C13-A67A-C5DA2DE37AC4}.Release|Any CPU.ActiveCfg = Release|Any CPU
		{962328BE-0E94-4C13-A67A-C5DA2DE37AC4}.Release|Any CPU.Build.0 = Release|Any CPU
		{0E499532-094D-4225-AE3B-A1ACF270382C}.Debug|Any CPU.ActiveCfg = Debug|Any CPU
		{0E499532-094D-4225-AE3B-A1ACF270382C}.Debug|Any CPU.Build.0 = Debug|Any CPU
		{0E499532-094D-4225-AE3B-A1ACF270382C}.Release|Any CPU.ActiveCfg = Release|Any CPU
		{0E499532-094D-4225-AE3B-A1ACF270382C}.Release|Any CPU.Build.0 = Release|Any CPU
		{0FACC77B-416F-4C76-BC2B-BEBA382E0E65}.Debug|Any CPU.ActiveCfg = Debug|Any CPU
		{0FACC77B-416F-4C76-BC2B-BEBA382E0E65}.Debug|Any CPU.Build.0 = Debug|Any CPU
		{0FACC77B-416F-4C76-BC2B-BEBA382E0E65}.Release|Any CPU.ActiveCfg = Release|Any CPU
		{0FACC77B-416F-4C76-BC2B-BEBA382E0E65}.Release|Any CPU.Build.0 = Release|Any CPU
		{19C56DAC-733C-4104-BE31-8904CF1079E4}.Debug|Any CPU.ActiveCfg = Debug|Any CPU
		{19C56DAC-733C-4104-BE31-8904CF1079E4}.Debug|Any CPU.Build.0 = Debug|Any CPU
		{19C56DAC-733C-4104-BE31-8904CF1079E4}.Release|Any CPU.ActiveCfg = Release|Any CPU
		{19C56DAC-733C-4104-BE31-8904CF1079E4}.Release|Any CPU.Build.0 = Release|Any CPU
		{0C24A829-3E87-41D6-B2EC-697A7AEE2E9F}.Debug|Any CPU.ActiveCfg = Debug|Any CPU
		{0C24A829-3E87-41D6-B2EC-697A7AEE2E9F}.Debug|Any CPU.Build.0 = Debug|Any CPU
		{0C24A829-3E87-41D6-B2EC-697A7AEE2E9F}.Release|Any CPU.ActiveCfg = Release|Any CPU
		{0C24A829-3E87-41D6-B2EC-697A7AEE2E9F}.Release|Any CPU.Build.0 = Release|Any CPU
	EndGlobalSection
	GlobalSection(NestedProjects) = preSolution
		{968C8D87-39FB-4DF6-8E7D-47111F0A7C8C} = {1847EFFA-CF98-48F7-AD06-08EAF2C32395}
		{C824C36F-C556-4201-BC65-65A393507DB8} = {968C8D87-39FB-4DF6-8E7D-47111F0A7C8C}
		{4082C677-6206-455D-A948-7AD32B78068F} = {1847EFFA-CF98-48F7-AD06-08EAF2C32395}
		{497AF274-C42B-4AA9-BFA3-E4928E2AB05E} = {4082C677-6206-455D-A948-7AD32B78068F}
		{C53763ED-F4ED-45D1-9ED9-4570B6064E68} = {4082C677-6206-455D-A948-7AD32B78068F}
		{4F577143-F54C-496A-93A9-FC8A9BD90CD3} = {4082C677-6206-455D-A948-7AD32B78068F}
		{0E645062-AAA5-4B4F-ABF7-56242F6EB707} = {4082C677-6206-455D-A948-7AD32B78068F}
		{47CCFE03-38B8-444B-9724-098CF9504571} = {1847EFFA-CF98-48F7-AD06-08EAF2C32395}
		{C5086901-1A4F-4D39-80E6-0112C1CECC03} = {47CCFE03-38B8-444B-9724-098CF9504571}
		{69C137F9-36F8-4087-8D9B-1249FB6C05BF} = {47CCFE03-38B8-444B-9724-098CF9504571}
		{A971A851-8EF9-4EDE-9B5E-514912BA64E3} = {1847EFFA-CF98-48F7-AD06-08EAF2C32395}
		{EEB88EF0-6D19-439A-8B85-CA449232D5F3} = {A971A851-8EF9-4EDE-9B5E-514912BA64E3}
		{B00B0B7B-6810-478E-AFF0-23D7D5D19CA0} = {A971A851-8EF9-4EDE-9B5E-514912BA64E3}
		{24C212FE-DEAB-400F-8B5A-CFD96AB30D16} = {A971A851-8EF9-4EDE-9B5E-514912BA64E3}
		{CFC47721-8634-4E5C-85A4-96171EB3D8BB} = {4082C677-6206-455D-A948-7AD32B78068F}
		{1877A14A-B007-4CD8-A070-E16C6B56139A} = {47CCFE03-38B8-444B-9724-098CF9504571}
		{6A883296-7872-4F48-91DD-24A04E7F7F06} = {47CCFE03-38B8-444B-9724-098CF9504571}
		{4BC136F1-3BE0-4F60-8612-173734EAB901} = {4082C677-6206-455D-A948-7AD32B78068F}
		{9BBCBC51-6A15-4510-BE58-6A45F39824A6} = {A262DAAB-DDFD-45B8-B1A4-7700BB710F80}
		{962328BE-0E94-4C13-A67A-C5DA2DE37AC4} = {A262DAAB-DDFD-45B8-B1A4-7700BB710F80}
		{0E499532-094D-4225-AE3B-A1ACF270382C} = {A262DAAB-DDFD-45B8-B1A4-7700BB710F80}
		{0FACC77B-416F-4C76-BC2B-BEBA382E0E65} = {A262DAAB-DDFD-45B8-B1A4-7700BB710F80}
		{19C56DAC-733C-4104-BE31-8904CF1079E4} = {47CCFE03-38B8-444B-9724-098CF9504571}
		{0C24A829-3E87-41D6-B2EC-697A7AEE2E9F} = {A971A851-8EF9-4EDE-9B5E-514912BA64E3}
	EndGlobalSection
EndGlobal
